
Microsoft Visual Studio Solution File, Format Version 12.00
# Visual Studio Version 17
VisualStudioVersion = 17.9.34622.214
MinimumVisualStudioVersion = 10.0.40219.1
Project("{FAE04EC0-301F-11D3-BF4B-00C04F79EFBC}") = "F2_Morales29VD", "F2_Morales29VD\F2_Morales29VD.csproj", "{D404D45D-CC41-4A1B-A928-A6A079FB1838}"
EndProject
Global
	GlobalSection(SolutionConfigurationPlatforms) = preSolution
		Debug|Any CPU = Debug|Any CPU
		Release|Any CPU = Release|Any CPU
	EndGlobalSection
	GlobalSection(ProjectConfigurationPlatforms) = postSolution
		{D404D45D-CC41-4A1B-A928-A6A079FB1838}.Debug|Any CPU.ActiveCfg = Debug|Any CPU
		{D404D45D-CC41-4A1B-A928-A6A079FB1838}.Debug|Any CPU.Build.0 = Debug|Any CPU
		{D404D45D-CC41-4A1B-A928-A6A079FB1838}.Release|Any CPU.ActiveCfg = Release|Any CPU
		{D404D45D-CC41-4A1B-A928-A6A079FB1838}.Release|Any CPU.Build.0 = Release|Any CPU
	EndGlobalSection
	GlobalSection(SolutionProperties) = preSolution
		HideSolutionNode = FALSE
	EndGlobalSection
	GlobalSection(ExtensibilityGlobals) = postSolution
		SolutionGuid = {0D78A9A9-C719-4EE7-8151-668B3829DC35}
	EndGlobalSection
EndGlobal
